
Microsoft Visual Studio Solution File, Format Version 12.00
# Visual Studio Version 17
VisualStudioVersion = 17.7.34031.279
MinimumVisualStudioVersion = 10.0.40219.1
Project("{888888A0-9F3D-457C-B088-3A5042F75D52}") = "video_website", "video_website\video_website.pyproj", "{97E3F01B-7FEA-4A37-B492-418959293A2E}"
EndProject
Global
	GlobalSection(SolutionConfigurationPlatforms) = preSolution
		Debug|Any CPU = Debug|Any CPU
		Release|Any CPU = Release|Any CPU
	EndGlobalSection
	GlobalSection(ProjectConfigurationPlatforms) = postSolution
		{97E3F01B-7FEA-4A37-B492-418959293A2E}.Debug|Any CPU.ActiveCfg = Debug|Any CPU
		{97E3F01B-7FEA-4A37-B492-418959293A2E}.Release|Any CPU.ActiveCfg = Release|Any CPU
	EndGlobalSection
	GlobalSection(SolutionProperties) = preSolution
		HideSolutionNode = FALSE
	EndGlobalSection
	GlobalSection(ExtensibilityGlobals) = postSolution
		SolutionGuid = {3A741F1B-2FBF-4EB7-94AA-244C42DF97D4}
	EndGlobalSection
EndGlobal
